
Microsoft Visual Studio Solution File, Format Version 12.00
# Visual Studio Version 17
VisualStudioVersion = 17.4.33213.308
MinimumVisualStudioVersion = 10.0.40219.1
Project("{9A19103F-16F7-4668-BE54-9A1E7A4F7556}") = "WebApplication1", "WebApplication1.csproj", "{E9A1D1B2-B57F-4F80-97B8-360823C3C5DE}"
EndProject
Project("{2150E333-8FDC-42A3-9474-1A3956D46DE8}") = "Solution Items", "Solution Items", "{BF7B6A5F-B990-4E4C-9D68-5392FFDFFB61}"
	ProjectSection(SolutionItems) = preProject
		.editorconfig = .editorconfig
	EndProjectSection
EndProject
Global
	GlobalSection(SolutionConfigurationPlatforms) = preSolution
		Debug|Any CPU = Debug|Any CPU
		Release|Any CPU = Release|Any CPU
	EndGlobalSection
	GlobalSection(ProjectConfigurationPlatforms) = postSolution
		{E9A1D1B2-B57F-4F80-97B8-360823C3C5DE}.Debug|Any CPU.ActiveCfg = Debug|Any CPU
		{E9A1D1B2-B57F-4F80-97B8-360823C3C5DE}.Debug|Any CPU.Build.0 = Debug|Any CPU
		{E9A1D1B2-B57F-4F80-97B8-360823C3C5DE}.Release|Any CPU.ActiveCfg = Release|Any CPU
		{E9A1D1B2-B57F-4F80-97B8-360823C3C5DE}.Release|Any CPU.Build.0 = Release|Any CPU
	EndGlobalSection
	GlobalSection(SolutionProperties) = preSolution
		HideSolutionNode = FALSE
	EndGlobalSection
	GlobalSection(ExtensibilityGlobals) = postSolution
		SolutionGuid = {1E511D9D-E29B-4548-A0AA-9AF59E4FEA59}
	EndGlobalSection
EndGlobal
